github.com/go-sql-driver/mysql v1.6.0 h1:BCTh4TKNUYmOmMUcQ3IipzF5prigylS7XXjEkfCHuOE=
github.com/go-sql-driver/mysql v1.6.0/go.mod h1:DCzpHaOWr8IXmIStZouvnhqoel9Qv2LBy8hT2VhHyBg=
github.com/thaianhsoft/tads v1.0.6 h1:hInuRPScwfu0khprBueX/K+iABIy6p291kKmu1HbsTk=
github.com/thaianhsoft/tads v1.0.6/go.mod h1:Mf6QY2MnQ5vV1NhRMuOHCR38LNaS4jVsRo0v+rp61JE=
